// !$*UTF8*$!
{
	archiveVersion = 1;
	classes = {
	};
	objectVersion = 77;
	objects = {

/* Begin PBXContainerItemProxy section */
		B56E2C0B2D995C3F00137EFA /* PBXContainerItemProxy */ = {
			isa = PBXContainerItemProxy;
			containerPortal = B56E2BF52D995C3E00137EFA /* Project object */;
			proxyType = 1;
			remoteGlobalIDString = B56E2BFC2D995C3E00137EFA;
			remoteInfo = "Little Helpers";
		};
		B56E2C152D995C3F00137EFA /* PBXContainerItemProxy */ = {
			isa = PBXContainerItemProxy;
			containerPortal = B56E2BF52D995C3E00137EFA /* Project object */;
			proxyType = 1;
			remoteGlobalIDString = B56E2BFC2D995C3E00137EFA;
			remoteInfo = "Little Helpers";
		};
/* End PBXContainerItemProxy section */

/* Begin PBXFileReference section */
		B56E2BFD2D995C3E00137EFA /* Little Helpers.app */ = {isa = PBXFileReference; explicitFileType = wrapper.application; includeInIndex = 0; path = "Little Helpers.app"; sourceTree = BUILT_PRODUCTS_DIR; };
		B56E2C0A2D995C3F00137EFA /* Little HelpersTests.xctest */ = {isa = PBXFileReference; explicitFileType = wrapper.cfbundle; includeInIndex = 0; path = "Little HelpersTests.xctest"; sourceTree = BUILT_PRODUCTS_DIR; };
		B56E2C142D995C3F00137EFA /* Little HelpersUITests.xctest */ = {isa = PBXFileReference; explicitFileType = wrapper.cfbundle; includeInIndex = 0; path = "Little HelpersUITests.xctest"; sourceTree = BUILT_PRODUCTS_DIR; };
/* End PBXFileReference section */

/* Begin PBXFileSystemSynchronizedRootGroup section */
		B56E2BFF2D995C3E00137EFA /* Little Helpers */ = {
			isa = PBXFileSystemSynchronizedRootGroup;
			path = "Little Helpers";
			sourceTree = "<group>";
		};
		B56E2C0D2D995C3F00137EFA /* Little HelpersTests */ = {
			isa = PBXFileSystemSynchronizedRootGroup;
			path = "Little HelpersTests";
			sourceTree = "<group>";
		};
		B56E2C172D995C3F00137EFA /* Little HelpersUITests */ = {
			isa = PBXFileSystemSynchronizedRootGroup;
			path = "Little HelpersUITests";
			sourceTree = "<group>";
		};
/* End PBXFileSystemSynchronizedRootGroup section */

/* Begin PBXFrameworksBuildPhase section */
		B56E2BFA2D995C3E00137EFA /* Frameworks */ = {
			isa = PBXFrameworksBuildPhase;
			buildActionMask = 2147483647;
			files = (
			);
			runOnlyForDeploymentPostprocessing = 0;
		};
		B56E2C072D995C3F00137EFA /* Frameworks */ = {
			isa = PBXFrameworksBuildPhase;
			buildActionMask = 2147483647;
			files = (
			);
			runOnlyForDeploymentPostprocessing = 0;
		};
		B56E2C112D995C3F00137EFA /* Frameworks */ = {
			isa = PBXFrameworksBuildPhase;
			buildActionMask = 2147483647;
			files = (
			);
			runOnlyForDeploymentPostprocessing = 0;
		};
/* End PBXFrameworksBuildPhase section */

/* Begin PBXGroup section */
		B56E2BF42D995C3D00137EFA = {
			isa = PBXGroup;
			children = (
				B56E2BFF2D995C3E00137EFA /* Little Helpers */,
				B56E2C0D2D995C3F00137EFA /* Little HelpersTests */,
				B56E2C172D995C3F00137EFA /* Little HelpersUITests */,
				B56E2BFE2D995C3E00137EFA /* Products */,
			);
			sourceTree = "<group>";
		};
		B56E2BFE2D995C3E00137EFA /* Products */ = {
			isa = PBXGroup;
			children = (
				B56E2BFD2D995C3E00137EFA /* Little Helpers.app */,
				B56E2C0A2D995C3F00137EFA /* Little HelpersTests.xctest */,
				B56E2C142D995C3F00137EFA /* Little HelpersUITests.xctest */,
			);
			name = Products;
			sourceTree = "<group>";
		};
/* End PBXGroup section */

/* Begin PBXNativeTarget section */
		B56E2BFC2D995C3E00137EFA /* Little Helpers */ = {
			isa = PBXNativeTarget;
			buildConfigurationList = B56E2C1E2D995C3F00137EFA /* Build configuration list for PBXNativeTarget "Little Helpers" */;
			buildPhases = (
				B56E2BF92D995C3E00137EFA /* Sources */,
				B56E2BFA2D995C3E00137EFA /* Frameworks */,
				B56E2BFB2D995C3E00137EFA /* Resources */,
			);
			buildRules = (
			);
			dependencies = (
			);
			fileSystemSynchronizedGroups = (
				B56E2BFF2D995C3E00137EFA /* Little Helpers */,
			);
			name = "Little Helpers";
			packageProductDependencies = (
			);
			productName = "Little Helpers";
			productReference = B56E2BFD2D995C3E00137EFA /* Little Helpers.app */;
			productType = "com.apple.product-type.application";
		};
		B56E2C092D995C3F00137EFA /* Little HelpersTests */ = {
			isa = PBXNativeTarget;
			buildConfigurationList = B56E2C212D995C3F00137EFA /* Build configuration list for PBXNativeTarget "Little HelpersTests" */;
			buildPhases = (
				B56E2C062D995C3F00137EFA /* Sources */,
				B56E2C072D995C3F00137EFA /* Frameworks */,
				B56E2C082D995C3F00137EFA /* Resources */,
			);
			buildRules = (
			);
			dependencies = (
				B56E2C0C2D995C3F00137EFA /* PBXTargetDependency */,
			);
			fileSystemSynchronizedGroups = (
				B56E2C0D2D995C3F00137EFA /* Little HelpersTests */,
			);
			name = "Little HelpersTests";
			packageProductDependencies = (
			);
			productName = "Little HelpersTests";
			productReference = B56E2C0A2D995C3F00137EFA /* Little HelpersTests.xctest */;
			productType = "com.apple.product-type.bundle.unit-test";
		};
		B56E2C132D995C3F00137EFA /* Little HelpersUITests */ = {
			isa = PBXNativeTarget;
			buildConfigurationList = B56E2C242D995C3F00137EFA /* Build configuration list for PBXNativeTarget "Little HelpersUITests" */;
			buildPhases = (
				B56E2C102D995C3F00137EFA /* Sources */,
				B56E2C112D995C3F00137EFA /* Frameworks */,
				B56E2C122D995C3F00137EFA /* Resources */,
			);
			buildRules = (
			);
			dependencies = (
				B56E2C162D995C3F00137EFA /* PBXTargetDependency */,
			);
			fileSystemSynchronizedGroups = (
				B56E2C172D995C3F00137EFA /* Little HelpersUITests */,
			);
			name = "Little HelpersUITests";
			packageProductDependencies = (
			);
			productName = "Little HelpersUITests";
			productReference = B56E2C142D995C3F00137EFA /* Little HelpersUITests.xctest */;
			productType = "com.apple.product-type.bundle.ui-testing";
		};
/* End PBXNativeTarget section */

/* Begin PBXProject section */
		B56E2BF52D995C3E00137EFA /* Project object */ = {
			isa = PBXProject;
			attributes = {
				BuildIndependentTargetsInParallel = 1;
				LastSwiftUpdateCheck = 1630;
				LastUpgradeCheck = 1630;
				TargetAttributes = {
					B56E2BFC2D995C3E00137EFA = {
						CreatedOnToolsVersion = 16.3;
					};
					B56E2C092D995C3F00137EFA = {
						CreatedOnToolsVersion = 16.3;
						TestTargetID = B56E2BFC2D995C3E00137EFA;
					};
					B56E2C132D995C3F00137EFA = {
						CreatedOnToolsVersion = 16.3;
						TestTargetID = B56E2BFC2D995C3E00137EFA;
					};
				};
			};
			buildConfigurationList = B56E2BF82D995C3E00137EFA /* Build configuration list for PBXProject "Little Helpers" */;
			developmentRegion = en;
			hasScannedForEncodings = 0;
			knownRegions = (
				en,
				Base,
			);
			mainGroup = B56E2BF42D995C3D00137EFA;
			minimizedProjectReferenceProxies = 1;
			preferredProjectObjectVersion = 77;
			productRefGroup = B56E2BFE2D995C3E00137EFA /* Products */;
			projectDirPath = "";
			projectRoot = "";
			targets = (
				B56E2BFC2D995C3E00137EFA /* Little Helpers */,
				B56E2C092D995C3F00137EFA /* Little HelpersTests */,
				B56E2C132D995C3F00137EFA /* Little HelpersUITests */,
			);
		};
/* End PBXProject section */

/* Begin PBXResourcesBuildPhase section */
		B56E2BFB2D995C3E00137EFA /* Resources */ = {
			isa = PBXResourcesBuildPhase;
			buildActionMask = 2147483647;
			files = (
			);
			runOnlyForDeploymentPostprocessing = 0;
		};
		B56E2C082D995C3F00137EFA /* Resources */ = {
			isa = PBXResourcesBuildPhase;
			buildActionMask = 2147483647;
			files = (
			);
			runOnlyForDeploymentPostprocessing = 0;
		};
		B56E2C122D995C3F00137EFA /* Resources */ = {
			isa = PBXResourcesBuildPhase;
			buildActionMask = 2147483647;
			files = (
			);
			runOnlyForDeploymentPostprocessing = 0;
		};
/* End PBXResourcesBuildPhase section */

/* Begin PBXSourcesBuildPhase section */
		B56E2BF92D995C3E00137EFA /* Sources */ = {
			isa = PBXSourcesBuildPhase;
			buildActionMask = 2147483647;
			files = (
			);
			runOnlyForDeploymentPostprocessing = 0;
		};
		B56E2C062D995C3F00137EFA /* Sources */ = {
			isa = PBXSourcesBuildPhase;
			buildActionMask = 2147483647;
			files = (
			);
			runOnlyForDeploymentPostprocessing = 0;
		};
		B56E2C102D995C3F00137EFA /* Sources */ = {
			isa = PBXSourcesBuildPhase;
			buildActionMask = 2147483647;
			files = (
			);
			runOnlyForDeploymentPostprocessing = 0;
		};
/* End PBXSourcesBuildPhase section */

/* Begin PBXTargetDependency section */
		B56E2C0C2D995C3F00137EFA /* PBXTargetDependency */ = {
			isa = PBXTargetDependency;
			target = B56E2BFC2D995C3E00137EFA /* Little Helpers */;
			targetProxy = B56E2C0B2D995C3F00137EFA /* PBXContainerItemProxy */;
		};
		B56E2C162D995C3F00137EFA /* PBXTargetDependency */ = {
			isa = PBXTargetDependency;
			target = B56E2BFC2D995C3E00137EFA /* Little Helpers */;
			targetProxy = B56E2C152D995C3F00137EFA /* PBXContainerItemProxy */;
		};
/* End PBXTargetDependency section */

/* Begin XCBuildConfiguration section */
		B56E2C1C2D995C3F00137EFA /* Debug */ = {
			isa = XCBuildConfiguration;
			buildSettings = {
				ALWAYS_SEARCH_USER_PATHS = NO;
				ASSETCATALOG_COMPILER_GENERATE_SWIFT_ASSET_SYMBOL_EXTENSIONS = YES;
				CLANG_ANALYZER_NONNULL = YES;
				CLANG_ANALYZER_NUMBER_OBJECT_CONVERSION = YES_AGGRESSIVE;
				CLANG_CXX_LANGUAGE_STANDARD = "gnu++20";
				CLANG_ENABLE_MODULES = YES;
				CLANG_ENABLE_OBJC_ARC = YES;
				CLANG_ENABLE_OBJC_WEAK = YES;
				CLANG_WARN_BLOCK_CAPTURE_AUTORELEASING = YES;
				CLANG_WARN_BOOL_CONVERSION = YES;
				CLANG_WARN_COMMA = YES;
				CLANG_WARN_CONSTANT_CONVERSION = YES;
				CLANG_WARN_DEPRECATED_OBJC_IMPLEMENTATIONS = YES;
				CLANG_WARN_DIRECT_OBJC_ISA_USAGE = YES_ERROR;
				CLANG_WARN_DOCUMENTATION_COMMENTS = YES;
				CLANG_WARN_EMPTY_BODY = YES;
				CLANG_WARN_ENUM_CONVERSION = YES;
				CLANG_WARN_INFINITE_RECURSION = YES;
				CLANG_WARN_INT_CONVERSION = YES;
				CLANG_WARN_NON_LITERAL_NULL_CONVERSION = YES;
				CLANG_WARN_OBJC_IMPLICIT_RETAIN_SELF = YES;
				CLANG_WARN_OBJC_LITERAL_CONVERSION = YES;
				CLANG_WARN_OBJC_ROOT_CLASS = YES_ERROR;
				CLANG_WARN_QUOTED_INCLUDE_IN_FRAMEWORK_HEADER = YES;
				CLANG_WARN_RANGE_LOOP_ANALYSIS = YES;
				CLANG_WARN_STRICT_PROTOTYPES = YES;
				CLANG_WARN_SUSPICIOUS_MOVE = YES;
				CLANG_WARN_UNGUARDED_AVAILABILITY = YES_AGGRESSIVE;
				CLANG_WARN_UNREACHABLE_CODE = YES;
				CLANG_WARN__DUPLICATE_METHOD_MATCH = YES;
				COPY_PHASE_STRIP = NO;
				DEBUG_INFORMATION_FORMAT = dwarf;
				DEVELOPMENT_TEAM = 49895JG7SV;
				ENABLE_STRICT_OBJC_MSGSEND = YES;
				ENABLE_TESTABILITY = YES;
				ENABLE_USER_SCRIPT_SANDBOXING = YES;
				GCC_C_LANGUAGE_STANDARD = gnu17;
				GCC_DYNAMIC_NO_PIC = NO;
				GCC_NO_COMMON_BLOCKS = YES;
				GCC_OPTIMIZATION_LEVEL = 0;
				GCC_PREPROCESSOR_DEFINITIONS = (
					"DEBUG=1",
					"$(inherited)",
				);
				GCC_WARN_64_TO_32_BIT_CONVERSION = YES;
				GCC_WARN_ABOUT_RETURN_TYPE = YES_ERROR;
				GCC_WARN_UNDECLARED_SELECTOR = YES;
				GCC_WARN_UNINITIALIZED_AUTOS = YES_AGGRESSIVE;
				GCC_WARN_UNUSED_FUNCTION = YES;
				GCC_WARN_UNUSED_VARIABLE = YES;
				IPHONEOS_DEPLOYMENT_TARGET = 18.4;
				LOCALIZATION_PREFERS_STRING_CATALOGS = YES;
				MTL_ENABLE_DEBUG_INFO = INCLUDE_SOURCE;
				MTL_FAST_MATH = YES;
				ONLY_ACTIVE_ARCH = YES;
				SDKROOT = iphoneos;
				SWIFT_ACTIVE_COMPILATION_CONDITIONS = "DEBUG $(inherited)";
				SWIFT_OPTIMIZATION_LEVEL = "-Onone";
			};
			name = Debug;
		};
		B56E2C1D2D995C3F00137EFA /* Release */ = {
			isa = XCBuildConfiguration;
			buildSettings = {
				ALWAYS_SEARCH_USER_PATHS = NO;
				ASSETCATALOG_COMPILER_GENERATE_SWIFT_ASSET_SYMBOL_EXTENSIONS = YES;
				CLANG_ANALYZER_NONNULL = YES;
				CLANG_ANALYZER_NUMBER_OBJECT_CONVERSION = YES_AGGRESSIVE;
				CLANG_CXX_LANGUAGE_STANDARD = "gnu++20";
				CLANG_ENABLE_MODULES = YES;
				CLANG_ENABLE_OBJC_ARC = YES;
				CLANG_ENABLE_OBJC_WEAK = YES;
				CLANG_WARN_BLOCK_CAPTURE_AUTORELEASING = YES;
				CLANG_WARN_BOOL_CONVERSION = YES;
				CLANG_WARN_COMMA = YES;
				CLANG_WARN_CONSTANT_CONVERSION = YES;
				CLANG_WARN_DEPRECATED_OBJC_IMPLEMENTATIONS = YES;
				CLANG_WARN_DIRECT_OBJC_ISA_USAGE = YES_ERROR;
				CLANG_WARN_DOCUMENTATION_COMMENTS = YES;
				CLANG_WARN_EMPTY_BODY = YES;
				CLANG_WARN_ENUM_CONVERSION = YES;
				CLANG_WARN_INFINITE_RECURSION = YES;
				CLANG_WARN_INT_CONVERSION = YES;
				CLANG_WARN_NON_LITERAL_NULL_CONVERSION = YES;
				CLANG_WARN_OBJC_IMPLICIT_RETAIN_SELF = YES;
				CLANG_WARN_OBJC_LITERAL_CONVERSION = YES;
				CLANG_WARN_OBJC_ROOT_CLASS = YES_ERROR;
				CLANG_WARN_QUOTED_INCLUDE_IN_FRAMEWORK_HEADER = YES;
				CLANG_WARN_RANGE_LOOP_ANALYSIS = YES;
				CLANG_WARN_STRICT_PROTOTYPES = YES;
				CLANG_WARN_SUSPICIOUS_MOVE = YES;
				CLANG_WARN_UNGUARDED_AVAILABILITY = YES_AGGRESSIVE;
				CLANG_WARN_UNREACHABLE_CODE = YES;
				CLANG_WARN__DUPLICATE_METHOD_MATCH = YES;
				COPY_PHASE_STRIP = NO;
				DEBUG_INFORMATION_FORMAT = "dwarf-with-dsym";
				DEVELOPMENT_TEAM = 49895JG7SV;
				ENABLE_NS_ASSERTIONS = NO;
				ENABLE_STRICT_OBJC_MSGSEND = YES;
				ENABLE_USER_SCRIPT_SANDBOXING = YES;
				GCC_C_LANGUAGE_STANDARD = gnu17;
				GCC_NO_COMMON_BLOCKS = YES;
				GCC_WARN_64_TO_32_BIT_CONVERSION = YES;
				GCC_WARN_ABOUT_RETURN_TYPE = YES_ERROR;
				GCC_WARN_UNDECLARED_SELECTOR = YES;
				GCC_WARN_UNINITIALIZED_AUTOS = YES_AGGRESSIVE;
				GCC_WARN_UNUSED_FUNCTION = YES;
				GCC_WARN_UNUSED_VARIABLE = YES;
				IPHONEOS_DEPLOYMENT_TARGET = 18.4;
				LOCALIZATION_PREFERS_STRING_CATALOGS = YES;
				MTL_ENABLE_DEBUG_INFO = NO;
				MTL_FAST_MATH = YES;
				SDKROOT = iphoneos;
				SWIFT_COMPILATION_MODE = wholemodule;
				VALIDATE_PRODUCT = YES;
			};
			name = Release;
		};
		B56E2C1F2D995C3F00137EFA /* Debug */ = {
			isa = XCBuildConfiguration;
			buildSettings = {
				ASSETCATALOG_COMPILER_APPICON_NAME = AppIcon;
				ASSETCATALOG_COMPILER_GLOBAL_ACCENT_COLOR_NAME = AccentColor;
				CODE_SIGN_STYLE = Automatic;
				CURRENT_PROJECT_VERSION = 1;
				DEVELOPMENT_TEAM = 49895JG7SV;
				ENABLE_PREVIEWS = YES;
				GENERATE_INFOPLIST_FILE = YES;
				INFOPLIST_KEY_UIApplicationSceneManifest_Generation = YES;
				INFOPLIST_KEY_UIApplicationSupportsIndirectInputEvents = YES;
				INFOPLIST_KEY_UILaunchScreen_Generation = YES;
				INFOPLIST_KEY_UISupportedInterfaceOrientations_iPad = "UIInterfaceOrientationPortrait UIInterfaceOrientationPortraitUpsideDown UIInterfaceOrientationLandscapeLeft UIInterfaceOrientationLandscapeRight";
				INFOPLIST_KEY_UISupportedInterfaceOrientations_iPhone = "UIInterfaceOrientationPortrait UIInterfaceOrientationLandscapeLeft UIInterfaceOrientationLandscapeRight";
				LD_RUNPATH_SEARCH_PATHS = (
					"$(inherited)",
					"@executable_path/Frameworks",
				);
				MARKETING_VERSION = 1.0;
				PRODUCT_BUNDLE_IDENTIFIER = "Konstantin-Escher.Little-Helpers";
				PRODUCT_NAME = "$(TARGET_NAME)";
				SWIFT_EMIT_LOC_STRINGS = YES;
				SWIFT_VERSION = 5.0;
				TARGETED_DEVICE_FAMILY = "1,2";
			};
			name = Debug;
		};
		B56E2C202D995C3F00137EFA /* Release */ = {
			isa = XCBuildConfiguration;
			buildSettings = {
				ASSETCATALOG_COMPILER_APPICON_NAME = AppIcon;
				ASSETCATALOG_COMPILER_GLOBAL_ACCENT_COLOR_NAME = AccentColor;
				CODE_SIGN_STYLE = Automatic;
				CURRENT_PROJECT_VERSION = 1;
				DEVELOPMENT_TEAM = 49895JG7SV;
				ENABLE_PREVIEWS = YES;
				GENERATE_INFOPLIST_FILE = YES;
				INFOPLIST_KEY_UIApplicationSceneManifest_Generation = YES;
				INFOPLIST_KEY_UIApplicationSupportsIndirectInputEvents = YES;
				INFOPLIST_KEY_UILaunchScreen_Generation = YES;
				INFOPLIST_KEY_UISupportedInterfaceOrientations_iPad = "UIInterfaceOrientationPortrait UIInterfaceOrientationPortraitUpsideDown UIInterfaceOrientationLandscapeLeft UIInterfaceOrientationLandscapeRight";
				INFOPLIST_KEY_UISupportedInterfaceOrientations_iPhone = "UIInterfaceOrientationPortrait UIInterfaceOrientationLandscapeLeft UIInterfaceOrientationLandscapeRight";
				LD_RUNPATH_SEARCH_PATHS = (
					"$(inherited)",
					"@executable_path/Frameworks",
				);
				MARKETING_VERSION = 1.0;
				PRODUCT_BUNDLE_IDENTIFIER = "Konstantin-Escher.Little-Helpers";
				PRODUCT_NAME = "$(TARGET_NAME)";
				SWIFT_EMIT_LOC_STRINGS = YES;
				SWIFT_VERSION = 5.0;
				TARGETED_DEVICE_FAMILY = "1,2";
			};
			name = Release;
		};
		B56E2C222D995C3F00137EFA /* Debug */ = {
			isa = XCBuildConfiguration;
			buildSettings = {
				BUNDLE_LOADER = "$(TEST_HOST)";
				CODE_SIGN_STYLE = Automatic;
				CURRENT_PROJECT_VERSION = 1;
				DEVELOPMENT_TEAM = 49895JG7SV;
				GENERATE_INFOPLIST_FILE = YES;
				IPHONEOS_DEPLOYMENT_TARGET = 18.4;
				MARKETING_VERSION = 1.0;
				PRODUCT_BUNDLE_IDENTIFIER = "Konstantin-Escher.Little-HelpersTests";
				PRODUCT_NAME = "$(TARGET_NAME)";
				SWIFT_EMIT_LOC_STRINGS = NO;
				SWIFT_VERSION = 5.0;
				TARGETED_DEVICE_FAMILY = "1,2";
				TEST_HOST = "$(BUILT_PRODUCTS_DIR)/Little Helpers.app/$(BUNDLE_EXECUTABLE_FOLDER_PATH)/Little Helpers";
			};
			name = Debug;
		};
		B56E2C232D995C3F00137EFA /* Release */ = {
			isa = XCBuildConfiguration;
			buildSettings = {
				BUNDLE_LOADER = "$(TEST_HOST)";
				CODE_SIGN_STYLE = Automatic;
				CURRENT_PROJECT_VERSION = 1;
				DEVELOPMENT_TEAM = 49895JG7SV;
				GENERATE_INFOPLIST_FILE = YES;
				IPHONEOS_DEPLOYMENT_TARGET = 18.4;
				MARKETING_VERSION = 1.0;
				PRODUCT_BUNDLE_IDENTIFIER = "Konstantin-Escher.Little-HelpersTests";
				PRODUCT_NAME = "$(TARGET_NAME)";
				SWIFT_EMIT_LOC_STRINGS = NO;
				SWIFT_VERSION = 5.0;
				TARGETED_DEVICE_FAMILY = "1,2";
				TEST_HOST = "$(BUILT_PRODUCTS_DIR)/Little Helpers.app/$(BUNDLE_EXECUTABLE_FOLDER_PATH)/Little Helpers";
			};
			name = Release;
		};
		B56E2C252D995C3F00137EFA /* Debug */ = {
			isa = XCBuildConfiguration;
			buildSettings = {
				CODE_SIGN_STYLE = Automatic;
				CURRENT_PROJECT_VERSION = 1;
				DEVELOPMENT_TEAM = 49895JG7SV;
				GENERATE_INFOPLIST_FILE = YES;
				MARKETING_VERSION = 1.0;
				PRODUCT_BUNDLE_IDENTIFIER = "Konstantin-Escher.Little-HelpersUITests";
				PRODUCT_NAME = "$(TARGET_NAME)";
				SWIFT_EMIT_LOC_STRINGS = NO;
				SWIFT_VERSION = 5.0;
				TARGETED_DEVICE_FAMILY = "1,2";
				TEST_TARGET_NAME = "Little Helpers";
			};
			name = Debug;
		};
		B56E2C262D995C3F00137EFA /* Release */ = {
			isa = XCBuildConfiguration;
			buildSettings = {
				CODE_SIGN_STYLE = Automatic;
				CURRENT_PROJECT_VERSION = 1;
				DEVELOPMENT_TEAM = 49895JG7SV;
				GENERATE_INFOPLIST_FILE = YES;
				MARKETING_VERSION = 1.0;
				PRODUCT_BUNDLE_IDENTIFIER = "Konstantin-Escher.Little-HelpersUITests";
				PRODUCT_NAME = "$(TARGET_NAME)";
				SWIFT_EMIT_LOC_STRINGS = NO;
				SWIFT_VERSION = 5.0;
				TARGETED_DEVICE_FAMILY = "1,2";
				TEST_TARGET_NAME = "Little Helpers";
			};
			name = Release;
		};
/* End XCBuildConfiguration section */

/* Begin XCConfigurationList section */
		B56E2BF82D995C3E00137EFA /* Build configuration list for PBXProject "Little Helpers" */ = {
			isa = XCConfigurationList;
			buildConfigurations = (
				B56E2C1C2D995C3F00137EFA /* Debug */,
				B56E2C1D2D995C3F00137EFA /* Release */,
			);
			defaultConfigurationIsVisible = 0;
			defaultConfigurationName = Release;
		};
		B56E2C1E2D995C3F00137EFA /* Build configuration list for PBXNativeTarget "Little Helpers" */ = {
			isa = XCConfigurationList;
			buildConfigurations = (
				B56E2C1F2D995C3F00137EFA /* Debug */,
				B56E2C202D995C3F00137EFA /* Release */,
			);
			defaultConfigurationIsVisible = 0;
			defaultConfigurationName = Release;
		};
		B56E2C212D995C3F00137EFA /* Build configuration list for PBXNativeTarget "Little HelpersTests" */ = {
			isa = XCConfigurationList;
			buildConfigurations = (
				B56E2C222D995C3F00137EFA /* Debug */,
				B56E2C232D995C3F00137EFA /* Release */,
			);
			defaultConfigurationIsVisible = 0;
			defaultConfigurationName = Release;
		};
		B56E2C242D995C3F00137EFA /* Build configuration list for PBXNativeTarget "Little HelpersUITests" */ = {
			isa = XCConfigurationList;
			buildConfigurations = (
				B56E2C252D995C3F00137EFA /* Debug */,
				B56E2C262D995C3F00137EFA /* Release */,
			);
			defaultConfigurationIsVisible = 0;
			defaultConfigurationName = Release;
		};
/* End XCConfigurationList section */
	};
	rootObject = B56E2BF52D995C3E00137EFA /* Project object */;
}
